
Microsoft Visual Studio Solution File, Format Version 12.00
# Visual Studio Version 17
VisualStudioVersion = 17.9.34701.34
MinimumVisualStudioVersion = 10.0.40219.1
Project("{9A19103F-16F7-4668-BE54-9A1E7A4F7556}") = "TalaTask.API", "TalaTask.API\TalaTask.API.csproj", "{13DA6F72-6EF8-4FE1-9AFA-84C75C0635ED}"
EndProject
Project("{FAE04EC0-301F-11D3-BF4B-00C04F79EFBC}") = "TalaTask.Tests", "TalaTask.Tests\TalaTask.Tests.csproj", "{AD64ADF0-69A1-48C9-9F3A-970933F4ECED}"
EndProject
Global
	GlobalSection(SolutionConfigurationPlatforms) = preSolution
		Debug|Any CPU = Debug|Any CPU
		Release|Any CPU = Release|Any CPU
	EndGlobalSection
	GlobalSection(ProjectConfigurationPlatforms) = postSolution
		{13DA6F72-6EF8-4FE1-9AFA-84C75C0635ED}.Debug|Any CPU.ActiveCfg = Debug|Any CPU
		{13DA6F72-6EF8-4FE1-9AFA-84C75C0635ED}.Debug|Any CPU.Build.0 = Debug|Any CPU
		{13DA6F72-6EF8-4FE1-9AFA-84C75C0635ED}.Release|Any CPU.ActiveCfg = Release|Any CPU
		{13DA6F72-6EF8-4FE1-9AFA-84C75C0635ED}.Release|Any CPU.Build.0 = Release|Any CPU
		{AD64ADF0-69A1-48C9-9F3A-970933F4ECED}.Debug|Any CPU.ActiveCfg = Debug|Any CPU
		{AD64ADF0-69A1-48C9-9F3A-970933F4ECED}.Debug|Any CPU.Build.0 = Debug|Any CPU
		{AD64ADF0-69A1-48C9-9F3A-970933F4ECED}.Release|Any CPU.ActiveCfg = Release|Any CPU
		{AD64ADF0-69A1-48C9-9F3A-970933F4ECED}.Release|Any CPU.Build.0 = Release|Any CPU
	EndGlobalSection
	GlobalSection(SolutionProperties) = preSolution
		HideSolutionNode = FALSE
	EndGlobalSection
	GlobalSection(ExtensibilityGlobals) = postSolution
		SolutionGuid = {FD1A599A-1E61-4DAE-BBB1-C3E2B179FA98}
	EndGlobalSection
EndGlobal
